{
	"packages": [
		{
			"arch": "amd64",
			"dependencies": [
				{
					"key": "libc6_2.39-0ubuntu8.3_amd64",
					"name": "libc6",
					"version": "2.39-0ubuntu8.3"
				},
				{
					"key": "libgcc-s1_14-20240412-0ubuntu1_amd64",
					"name": "libgcc-s1",
					"version": "14-20240412-0ubuntu1"
				},
				{
					"key": "gcc-14-base_14-20240412-0ubuntu1_amd64",
					"name": "gcc-14-base",
					"version": "14-20240412-0ubuntu1"
				},
				{
					"key": "zlib1g-dev_1-1.3.dfsg-3.1ubuntu2.1_amd64",
					"name": "zlib1g-dev",
					"version": "1:1.3.dfsg-3.1ubuntu2.1"
				},
				{
					"key": "libc6-dev_2.39-0ubuntu8.3_amd64",
					"name": "libc6-dev",
					"version": "2.39-0ubuntu8.3"
				},
				{
					"key": "rpcsvc-proto_1.4.2-0ubuntu7_amd64",
					"name": "rpcsvc-proto",
					"version": "1.4.2-0ubuntu7"
				},
				{
					"key": "libcrypt-dev_1-4.4.36-4build1_amd64",
					"name": "libcrypt-dev",
					"version": "1:4.4.36-4build1"
				},
				{
					"key": "libcrypt1_1-4.4.36-4build1_amd64",
					"name": "libcrypt1",
					"version": "1:4.4.36-4build1"
				},
				{
					"key": "linux-libc-dev_6.8.0-41.41_amd64",
					"name": "linux-libc-dev",
					"version": "6.8.0-41.41"
				},
				{
					"key": "libc-dev-bin_2.39-0ubuntu8.3_amd64",
					"name": "libc-dev-bin",
					"version": "2.39-0ubuntu8.3"
				},
				{
					"key": "zlib1g_1-1.3.dfsg-3.1ubuntu2.1_amd64",
					"name": "zlib1g",
					"version": "1:1.3.dfsg-3.1ubuntu2.1"
				},
				{
					"key": "libssl-dev_3.0.13-0ubuntu3.3_amd64",
					"name": "libssl-dev",
					"version": "3.0.13-0ubuntu3.3"
				},
				{
					"key": "libssl3t64_3.0.13-0ubuntu3.3_amd64",
					"name": "libssl3t64",
					"version": "3.0.13-0ubuntu3.3"
				},
				{
					"key": "libmariadb3_1-10.11.8-0ubuntu0.24.04.1_amd64",
					"name": "libmariadb3",
					"version": "1:10.11.8-0ubuntu0.24.04.1"
				},
				{
					"key": "mariadb-common_1-10.11.8-0ubuntu0.24.04.1_amd64",
					"name": "mariadb-common",
					"version": "1:10.11.8-0ubuntu0.24.04.1"
				},
				{
					"key": "mysql-common_5.8-p-1.1.0build1_amd64",
					"name": "mysql-common",
					"version": "5.8+1.1.0build1"
				}
			],
			"key": "libmariadb-dev_1-10.11.8-0ubuntu0.24.04.1_amd64",
			"name": "libmariadb-dev",
			"sha256": "266fce2cede0c835ec3191e21d0bb498f30317ee65e5bc32fa67e581230ce7bd",
			"url": "https://snapshot.ubuntu.com/ubuntu/20240901T030400Z/pool/universe/m/mariadb/libmariadb-dev_10.11.8-0ubuntu0.24.04.1_amd64.deb",
			"version": "1:10.11.8-0ubuntu0.24.04.1"
		},
		{
			"arch": "amd64",
			"dependencies": [],
			"key": "libc6_2.39-0ubuntu8.3_amd64",
			"name": "libc6",
			"sha256": "84cd7925cb7773471f09810cbebcd796f2fd33a07cb761a64116eeb7b9096a2f",
			"url": "https://snapshot.ubuntu.com/ubuntu/20240901T030400Z/pool/main/g/glibc/libc6_2.39-0ubuntu8.3_amd64.deb",
			"version": "2.39-0ubuntu8.3"
		},
		{
			"arch": "amd64",
			"dependencies": [],
			"key": "libgcc-s1_14-20240412-0ubuntu1_amd64",
			"name": "libgcc-s1",
			"sha256": "a39efdcaa2245f026dc3254ce14fcff255fc430a17064632b6ba7c5da974a912",
			"url": "https://snapshot.ubuntu.com/ubuntu/20240901T030400Z/pool/main/g/gcc-14/libgcc-s1_14-20240412-0ubuntu1_amd64.deb",
			"version": "14-20240412-0ubuntu1"
		},
		{
			"arch": "amd64",
			"dependencies": [],
			"key": "gcc-14-base_14-20240412-0ubuntu1_amd64",
			"name": "gcc-14-base",
			"sha256": "bc5a682c694a1ce5af50772b7c737a21e9a74f0f0edaae98e97bc9c4af583fef",
			"url": "https://snapshot.ubuntu.com/ubuntu/20240901T030400Z/pool/main/g/gcc-14/gcc-14-base_14-20240412-0ubuntu1_amd64.deb",
			"version": "14-20240412-0ubuntu1"
		},
		{
			"arch": "amd64",
			"dependencies": [],
			"key": "zlib1g-dev_1-1.3.dfsg-3.1ubuntu2.1_amd64",
			"name": "zlib1g-dev",
			"sha256": "023cbe9dbf0af87f10e54e342c67571874e412b9950d89c6cd7b010be2e67c3c",
			"url": "https://snapshot.ubuntu.com/ubuntu/20240901T030400Z/pool/main/z/zlib/zlib1g-dev_1.3.dfsg-3.1ubuntu2.1_amd64.deb",
			"version": "1:1.3.dfsg-3.1ubuntu2.1"
		},
		{
			"arch": "amd64",
			"dependencies": [],
			"key": "libc6-dev_2.39-0ubuntu8.3_amd64",
			"name": "libc6-dev",
			"sha256": "2fa5027a8251b3aab324ecc5ff9d85215d109ea157d9eb765700b75c4d99c8fc",
			"url": "https://snapshot.ubuntu.com/ubuntu/20240901T030400Z/pool/main/g/glibc/libc6-dev_2.39-0ubuntu8.3_amd64.deb",
			"version": "2.39-0ubuntu8.3"
		},
		{
			"arch": "amd64",
			"dependencies": [],
			"key": "rpcsvc-proto_1.4.2-0ubuntu7_amd64",
			"name": "rpcsvc-proto",
			"sha256": "7eb710fe148d224c159ddec1ceb0ba53ead52a80a6793dcdae1474acf20d8f71",
			"url": "https://snapshot.ubuntu.com/ubuntu/20240901T030400Z/pool/main/r/rpcsvc-proto/rpcsvc-proto_1.4.2-0ubuntu7_amd64.deb",
			"version": "1.4.2-0ubuntu7"
		},
		{
			"arch": "amd64",
			"dependencies": [],
			"key": "libcrypt-dev_1-4.4.36-4build1_amd64",
			"name": "libcrypt-dev",
			"sha256": "2edff420ef80b4a3f3751e65c33423ef30e563122a58b759e4854ea8d84ba1b1",
			"url": "https://snapshot.ubuntu.com/ubuntu/20240901T030400Z/pool/main/libx/libxcrypt/libcrypt-dev_4.4.36-4build1_amd64.deb",
			"version": "1:4.4.36-4build1"
		},
		{
			"arch": "amd64",
			"dependencies": [],
			"key": "libcrypt1_1-4.4.36-4build1_amd64",
			"name": "libcrypt1",
			"sha256": "9474785cd6f398512bf8c305c3901dbb111569dccb6f5832002373c0a8ac5832",
			"url": "https://snapshot.ubuntu.com/ubuntu/20240901T030400Z/pool/main/libx/libxcrypt/libcrypt1_4.4.36-4build1_amd64.deb",
			"version": "1:4.4.36-4build1"
		},
		{
			"arch": "amd64",
			"dependencies": [],
			"key": "linux-libc-dev_6.8.0-41.41_amd64",
			"name": "linux-libc-dev",
			"sha256": "88999bfa6c530933f4a99126b57a49a98165fb33d72cdb64ee4d80c3a96f3a7c",
			"url": "https://snapshot.ubuntu.com/ubuntu/20240901T030400Z/pool/main/l/linux/linux-libc-dev_6.8.0-41.41_amd64.deb",
			"version": "6.8.0-41.41"
		},
		{
			"arch": "amd64",
			"dependencies": [],
			"key": "libc-dev-bin_2.39-0ubuntu8.3_amd64",
			"name": "libc-dev-bin",
			"sha256": "05209e8f2b5c6a4c446d46d564cdb3244ad0412a0841652cf80c011c76a172ca",
			"url": "https://snapshot.ubuntu.com/ubuntu/20240901T030400Z/pool/main/g/glibc/libc-dev-bin_2.39-0ubuntu8.3_amd64.deb",
			"version": "2.39-0ubuntu8.3"
		},
		{
			"arch": "amd64",
			"dependencies": [],
			"key": "zlib1g_1-1.3.dfsg-3.1ubuntu2.1_amd64",
			"name": "zlib1g",
			"sha256": "7074b6a2f6367a10d280c00a1cb02e74277709180bab4f2491a2f355ab2d6c20",
			"url": "https://snapshot.ubuntu.com/ubuntu/20240901T030400Z/pool/main/z/zlib/zlib1g_1.3.dfsg-3.1ubuntu2.1_amd64.deb",
			"version": "1:1.3.dfsg-3.1ubuntu2.1"
		},
		{
			"arch": "amd64",
			"dependencies": [],
			"key": "libssl-dev_3.0.13-0ubuntu3.3_amd64",
			"name": "libssl-dev",
			"sha256": "1f4625599994e4358e8fdd107fcbd3b9ea966ef8daa04bacb7c52258f1bd38bc",
			"url": "https://snapshot.ubuntu.com/ubuntu/20240901T030400Z/pool/main/o/openssl/libssl-dev_3.0.13-0ubuntu3.3_amd64.deb",
			"version": "3.0.13-0ubuntu3.3"
		},
		{
			"arch": "amd64",
			"dependencies": [],
			"key": "libssl3t64_3.0.13-0ubuntu3.3_amd64",
			"name": "libssl3t64",
			"sha256": "d107a87378d4ed1d19d8fa85a6cc8fbe6d0246447257aa18ae5bc8d02d671c6e",
			"url": "https://snapshot.ubuntu.com/ubuntu/20240901T030400Z/pool/main/o/openssl/libssl3t64_3.0.13-0ubuntu3.3_amd64.deb",
			"version": "3.0.13-0ubuntu3.3"
		},
		{
			"arch": "amd64",
			"dependencies": [],
			"key": "libmariadb3_1-10.11.8-0ubuntu0.24.04.1_amd64",
			"name": "libmariadb3",
			"sha256": "80fdf21215209b9efa5a5b6fabb33fd42530ba803ead6c3d91571ac93f256b3a",
			"url": "https://snapshot.ubuntu.com/ubuntu/20240901T030400Z/pool/universe/m/mariadb/libmariadb3_10.11.8-0ubuntu0.24.04.1_amd64.deb",
			"version": "1:10.11.8-0ubuntu0.24.04.1"
		},
		{
			"arch": "amd64",
			"dependencies": [],
			"key": "mariadb-common_1-10.11.8-0ubuntu0.24.04.1_amd64",
			"name": "mariadb-common",
			"sha256": "8c8b8b1642f24e630dbc293531010e357f541cca5690ee8db7dc2af120fc5ed3",
			"url": "https://snapshot.ubuntu.com/ubuntu/20240901T030400Z/pool/universe/m/mariadb/mariadb-common_10.11.8-0ubuntu0.24.04.1_all.deb",
			"version": "1:10.11.8-0ubuntu0.24.04.1"
		},
		{
			"arch": "amd64",
			"dependencies": [],
			"key": "mysql-common_5.8-p-1.1.0build1_amd64",
			"name": "mysql-common",
			"sha256": "2a9ed286f4a78849bb0231b11a9ababf8c8694667caf986cd2563a6b67f939bc",
			"url": "https://snapshot.ubuntu.com/ubuntu/20240901T030400Z/pool/main/m/mysql-defaults/mysql-common_5.8+1.1.0build1_all.deb",
			"version": "5.8+1.1.0build1"
		},
		{
			"arch": "amd64",
			"dependencies": [
				{
					"key": "libssl3t64_3.0.13-0ubuntu3.3_amd64",
					"name": "libssl3t64",
					"version": "3.0.13-0ubuntu3.3"
				},
				{
					"key": "libc6_2.39-0ubuntu8.3_amd64",
					"name": "libc6",
					"version": "2.39-0ubuntu8.3"
				},
				{
					"key": "libgcc-s1_14-20240412-0ubuntu1_amd64",
					"name": "libgcc-s1",
					"version": "14-20240412-0ubuntu1"
				},
				{
					"key": "gcc-14-base_14-20240412-0ubuntu1_amd64",
					"name": "gcc-14-base",
					"version": "14-20240412-0ubuntu1"
				}
			],
			"key": "openssl_3.0.13-0ubuntu3.3_amd64",
			"name": "openssl",
			"sha256": "7155e5dc381ac45b5f96b6ae95fa12cdd77030b1a391cc758c205f8ba4a4b124",
			"url": "https://snapshot.ubuntu.com/ubuntu/20240901T030400Z/pool/main/o/openssl/openssl_3.0.13-0ubuntu3.3_amd64.deb",
			"version": "3.0.13-0ubuntu3.3"
		}
	],
	"version": 1
}